Microsoft Visual Studio Solution File, Format Version 12.00
# Visual Studio Version 17
VisualStudioVersion = 17.5.2.0
MinimumVisualStudioVersion = 10.0.40219.1
Project("{FAE04EC0-301F-11D3-BF4B-00C04F79EFBC}") = "aether_garden-be", "aether_garden-be\aether_garden-be.csproj", "{9DE15484-A5CE-6520-E720-E6B029D079A1}"
EndProject
Global
	GlobalSection(SolutionConfigurationPlatforms) = preSolution
		Debug|Any CPU = Debug|Any CPU
		Release|Any CPU = Release|Any CPU
	EndGlobalSection
	GlobalSection(ProjectConfigurationPlatforms) = postSolution
		{9DE15484-A5CE-6520-E720-E6B029D079A1}.Debug|Any CPU.ActiveCfg = Debug|Any CPU
		{9DE15484-A5CE-6520-E720-E6B029D079A1}.Debug|Any CPU.Build.0 = Debug|Any CPU
		{9DE15484-A5CE-6520-E720-E6B029D079A1}.Release|Any CPU.ActiveCfg = Release|Any CPU
		{9DE15484-A5CE-6520-E720-E6B029D079A1}.Release|Any CPU.Build.0 = Release|Any CPU
	EndGlobalSection
	GlobalSection(SolutionProperties) = preSolution
		HideSolutionNode = FALSE
	EndGlobalSection
	GlobalSection(ExtensibilityGlobals) = postSolution
		SolutionGuid = {905EE018-E7A5-4C43-A820-677F5E52804D}
	EndGlobalSection
EndGlobal
